
Microsoft Visual Studio Solution File, Format Version 12.00
# Visual Studio Version 16
VisualStudioVersion = 16.0.30114.105
MinimumVisualStudioVersion = 10.0.40219.1
Project("{2150E333-8FDC-42A3-9474-1A3956D46DE8}") = "Solution Items", "Solution Items", "{6414A39E-705B-453C-85A5-E34C61B71B34}"
	ProjectSection(SolutionItems) = preProject
		..\Model\ASN.cs = ..\Model\ASN.cs
		..\Model\ASRelationship.cs = ..\Model\ASRelationship.cs
		DataController.cs = DataController.cs
		..\Model\PeerPeer.cs = ..\Model\PeerPeer.cs
		..\Model\ProviderCustomer.cs = ..\Model\ProviderCustomer.cs
	EndProjectSection
EndProject
Global
	GlobalSection(SolutionConfigurationPlatforms) = preSolution
		Debug|Any CPU = Debug|Any CPU
		Debug|x64 = Debug|x64
		Debug|x86 = Debug|x86
		Release|Any CPU = Release|Any CPU
		Release|x64 = Release|x64
		Release|x86 = Release|x86
	EndGlobalSection
	GlobalSection(SolutionProperties) = preSolution
		HideSolutionNode = FALSE
	EndGlobalSection
	GlobalSection(ExtensibilityGlobals) = postSolution
		SolutionGuid = {AEA9008C-A573-4A78-B74D-463354D65C3F}
	EndGlobalSection
EndGlobal
